
Microsoft Visual Studio Solution File, Format Version 12.00
# Visual Studio Version 17
VisualStudioVersion = 17.0.31903.59
MinimumVisualStudioVersion = 10.0.40219.1
Project("{FAE04EC0-301F-11D3-BF4B-00C04F79EFBC}") = "TimeWise.API", "TimeWise.API\TimeWise.API.csproj", "{A3B38823-20C6-40CF-BC66-8357A26FF725}"
EndProject
Project("{FAE04EC0-301F-11D3-BF4B-00C04F79EFBC}") = "TimeWise.Core", "TimeWise.Core\TimeWise.Core.csproj", "{290CE6CC-48D4-43F0-A6EC-3996FA086F23}"
EndProject
Project("{FAE04EC0-301F-11D3-BF4B-00C04F79EFBC}") = "TimeWise.Service", "TimeWise.Service\TimeWise.Service.csproj", "{55BD6087-14C1-40FD-AB39-38B70FC4179A}"
EndProject
Project("{FAE04EC0-301F-11D3-BF4B-00C04F79EFBC}") = "TimeWise.Data", "TimeWise.Data\TimeWise.Data.csproj", "{9FF511DE-FF8E-4C97-9FFF-AC7CE06FAC05}"
EndProject
Project("{FAE04EC0-301F-11D3-BF4B-00C04F79EFBC}") = "TimeWise.Tests", "TimeWise.Tests\TimeWise.Tests.csproj", "{230AA011-7846-4F1C-950C-BD1AF09CE64D}"
EndProject
Global
	GlobalSection(SolutionConfigurationPlatforms) = preSolution
		Debug|Any CPU = Debug|Any CPU
		Debug|x64 = Debug|x64
		Debug|x86 = Debug|x86
		Release|Any CPU = Release|Any CPU
		Release|x64 = Release|x64
		Release|x86 = Release|x86
	EndGlobalSection
	GlobalSection(ProjectConfigurationPlatforms) = postSolution
		{A3B38823-20C6-40CF-BC66-8357A26FF725}.Debug|Any CPU.ActiveCfg = Debug|Any CPU
		{A3B38823-20C6-40CF-BC66-8357A26FF725}.Debug|Any CPU.Build.0 = Debug|Any CPU
		{A3B38823-20C6-40CF-BC66-8357A26FF725}.Debug|x64.ActiveCfg = Debug|Any CPU
		{A3B38823-20C6-40CF-BC66-8357A26FF725}.Debug|x64.Build.0 = Debug|Any CPU
		{A3B38823-20C6-40CF-BC66-8357A26FF725}.Debug|x86.ActiveCfg = Debug|Any CPU
		{A3B38823-20C6-40CF-BC66-8357A26FF725}.Debug|x86.Build.0 = Debug|Any CPU
		{A3B38823-20C6-40CF-BC66-8357A26FF725}.Release|Any CPU.ActiveCfg = Release|Any CPU
		{A3B38823-20C6-40CF-BC66-8357A26FF725}.Release|Any CPU.Build.0 = Release|Any CPU
		{A3B38823-20C6-40CF-BC66-8357A26FF725}.Release|x64.ActiveCfg = Release|Any CPU
		{A3B38823-20C6-40CF-BC66-8357A26FF725}.Release|x64.Build.0 = Release|Any CPU
		{A3B38823-20C6-40CF-BC66-8357A26FF725}.Release|x86.ActiveCfg = Release|Any CPU
		{A3B38823-20C6-40CF-BC66-8357A26FF725}.Release|x86.Build.0 = Release|Any CPU
		{290CE6CC-48D4-43F0-A6EC-3996FA086F23}.Debug|Any CPU.ActiveCfg = Debug|Any CPU
		{290CE6CC-48D4-43F0-A6EC-3996FA086F23}.Debug|Any CPU.Build.0 = Debug|Any CPU
		{290CE6CC-48D4-43F0-A6EC-3996FA086F23}.Debug|x64.ActiveCfg = Debug|Any CPU
		{290CE6CC-48D4-43F0-A6EC-3996FA086F23}.Debug|x64.Build.0 = Debug|Any CPU
		{290CE6CC-48D4-43F0-A6EC-3996FA086F23}.Debug|x86.ActiveCfg = Debug|Any CPU
		{290CE6CC-48D4-43F0-A6EC-3996FA086F23}.Debug|x86.Build.0 = Debug|Any CPU
		{290CE6CC-48D4-43F0-A6EC-3996FA086F23}.Release|Any CPU.ActiveCfg = Release|Any CPU
		{290CE6CC-48D4-43F0-A6EC-3996FA086F23}.Release|Any CPU.Build.0 = Release|Any CPU
		{290CE6CC-48D4-43F0-A6EC-3996FA086F23}.Release|x64.ActiveCfg = Release|Any CPU
		{290CE6CC-48D4-43F0-A6EC-3996FA086F23}.Release|x64.Build.0 = Release|Any CPU
		{290CE6CC-48D4-43F0-A6EC-3996FA086F23}.Release|x86.ActiveCfg = Release|Any CPU
		{290CE6CC-48D4-43F0-A6EC-3996FA086F23}.Release|x86.Build.0 = Release|Any CPU
		{55BD6087-14C1-40FD-AB39-38B70FC4179A}.Debug|Any CPU.ActiveCfg = Debug|Any CPU
		{55BD6087-14C1-40FD-AB39-38B70FC4179A}.Debug|Any CPU.Build.0 = Debug|Any CPU
		{55BD6087-14C1-40FD-AB39-38B70FC4179A}.Debug|x64.ActiveCfg = Debug|Any CPU
		{55BD6087-14C1-40FD-AB39-38B70FC4179A}.Debug|x64.Build.0 = Debug|Any CPU
		{55BD6087-14C1-40FD-AB39-38B70FC4179A}.Debug|x86.ActiveCfg = Debug|Any CPU
		{55BD6087-14C1-40FD-AB39-38B70FC4179A}.Debug|x86.Build.0 = Debug|Any CPU
		{55BD6087-14C1-40FD-AB39-38B70FC4179A}.Release|Any CPU.ActiveCfg = Release|Any CPU
		{55BD6087-14C1-40FD-AB39-38B70FC4179A}.Release|Any CPU.Build.0 = Release|Any CPU
		{55BD6087-14C1-40FD-AB39-38B70FC4179A}.Release|x64.ActiveCfg = Release|Any CPU
		{55BD6087-14C1-40FD-AB39-38B70FC4179A}.Release|x64.Build.0 = Release|Any CPU
		{55BD6087-14C1-40FD-AB39-38B70FC4179A}.Release|x86.ActiveCfg = Release|Any CPU
		{55BD6087-14C1-40FD-AB39-38B70FC4179A}.Release|x86.Build.0 = Release|Any CPU
		{9FF511DE-FF8E-4C97-9FFF-AC7CE06FAC05}.Debug|Any CPU.ActiveCfg = Debug|Any CPU
		{9FF511DE-FF8E-4C97-9FFF-AC7CE06FAC05}.Debug|Any CPU.Build.0 = Debug|Any CPU
		{9FF511DE-FF8E-4C97-9FFF-AC7CE06FAC05}.Debug|x64.ActiveCfg = Debug|Any CPU
		{9FF511DE-FF8E-4C97-9FFF-AC7CE06FAC05}.Debug|x64.Build.0 = Debug|Any CPU
		{9FF511DE-FF8E-4C97-9FFF-AC7CE06FAC05}.Debug|x86.ActiveCfg = Debug|Any CPU
		{9FF511DE-FF8E-4C97-9FFF-AC7CE06FAC05}.Debug|x86.Build.0 = Debug|Any CPU
		{9FF511DE-FF8E-4C97-9FFF-AC7CE06FAC05}.Release|Any CPU.ActiveCfg = Release|Any CPU
		{9FF511DE-FF8E-4C97-9FFF-AC7CE06FAC05}.Release|Any CPU.Build.0 = Release|Any CPU
		{9FF511DE-FF8E-4C97-9FFF-AC7CE06FAC05}.Release|x64.ActiveCfg = Release|Any CPU
		{9FF511DE-FF8E-4C97-9FFF-AC7CE06FAC05}.Release|x64.Build.0 = Release|Any CPU
		{9FF511DE-FF8E-4C97-9FFF-AC7CE06FAC05}.Release|x86.ActiveCfg = Release|Any CPU
		{9FF511DE-FF8E-4C97-9FFF-AC7CE06FAC05}.Release|x86.Build.0 = Release|Any CPU
		{230AA011-7846-4F1C-950C-BD1AF09CE64D}.Debug|Any CPU.ActiveCfg = Debug|Any CPU
		{230AA011-7846-4F1C-950C-BD1AF09CE64D}.Debug|Any CPU.Build.0 = Debug|Any CPU
		{230AA011-7846-4F1C-950C-BD1AF09CE64D}.Debug|x64.ActiveCfg = Debug|Any CPU
		{230AA011-7846-4F1C-950C-BD1AF09CE64D}.Debug|x64.Build.0 = Debug|Any CPU
		{230AA011-7846-4F1C-950C-BD1AF09CE64D}.Debug|x86.ActiveCfg = Debug|Any CPU
		{230AA011-7846-4F1C-950C-BD1AF09CE64D}.Debug|x86.Build.0 = Debug|Any CPU
		{230AA011-7846-4F1C-950C-BD1AF09CE64D}.Release|Any CPU.ActiveCfg = Release|Any CPU
		{230AA011-7846-4F1C-950C-BD1AF09CE64D}.Release|Any CPU.Build.0 = Release|Any CPU
		{230AA011-7846-4F1C-950C-BD1AF09CE64D}.Release|x64.ActiveCfg = Release|Any CPU
		{230AA011-7846-4F1C-950C-BD1AF09CE64D}.Release|x64.Build.0 = Release|Any CPU
		{230AA011-7846-4F1C-950C-BD1AF09CE64D}.Release|x86.ActiveCfg = Release|Any CPU
		{230AA011-7846-4F1C-950C-BD1AF09CE64D}.Release|x86.Build.0 = Release|Any CPU
	EndGlobalSection
	GlobalSection(SolutionProperties) = preSolution
		HideSolutionNode = FALSE
	EndGlobalSection
EndGlobal
